
Microsoft Visual Studio Solution File, Format Version 12.00
# Visual Studio 15
VisualStudioVersion = 15.0.28307.168
MinimumVisualStudioVersion = 10.0.40219.1
Project("{8BC9CEB8-8B4A-11D0-8D11-00A0C91BC942}") = "Server", "Server\Server.vcxproj", "{0899C6EF-36DF-430B-9F01-880BC2523865}"
EndProject
Project("{8BC9CEB8-8B4A-11D0-8D11-00A0C91BC942}") = "Client2", "Client2\Client2.vcxproj", "{C0387C20-E9C8-41CE-81B3-48B094F78ED6}"
EndProject
Global
	GlobalSection(SolutionConfigurationPlatforms) = preSolution
		Debug|x64 = Debug|x64
		Debug|x86 = Debug|x86
		Release|x64 = Release|x64
		Release|x86 = Release|x86
	EndGlobalSection
	GlobalSection(ProjectConfigurationPlatforms) = postSolution
		{0899C6EF-36DF-430B-9F01-880BC2523865}.Debug|x64.ActiveCfg = Debug|x64
		{0899C6EF-36DF-430B-9F01-880BC2523865}.Debug|x64.Build.0 = Debug|x64
		{0899C6EF-36DF-430B-9F01-880BC2523865}.Debug|x86.ActiveCfg = Debug|Win32
		{0899C6EF-36DF-430B-9F01-880BC2523865}.Debug|x86.Build.0 = Debug|Win32
		{0899C6EF-36DF-430B-9F01-880BC2523865}.Release|x64.ActiveCfg = Release|x64
		{0899C6EF-36DF-430B-9F01-880BC2523865}.Release|x64.Build.0 = Release|x64
		{0899C6EF-36DF-430B-9F01-880BC2523865}.Release|x86.ActiveCfg = Release|Win32
		{0899C6EF-36DF-430B-9F01-880BC2523865}.Release|x86.Build.0 = Release|Win32
		{C0387C20-E9C8-41CE-81B3-48B094F78ED6}.Debug|x64.ActiveCfg = Debug|x64
		{C0387C20-E9C8-41CE-81B3-48B094F78ED6}.Debug|x64.Build.0 = Debug|x64
		{C0387C20-E9C8-41CE-81B3-48B094F78ED6}.Debug|x86.ActiveCfg = Debug|Win32
		{C0387C20-E9C8-41CE-81B3-48B094F78ED6}.Debug|x86.Build.0 = Debug|Win32
		{C0387C20-E9C8-41CE-81B3-48B094F78ED6}.Release|x64.ActiveCfg = Release|x64
		{C0387C20-E9C8-41CE-81B3-48B094F78ED6}.Release|x64.Build.0 = Release|x64
		{C0387C20-E9C8-41CE-81B3-48B094F78ED6}.Release|x86.ActiveCfg = Release|Win32
		{C0387C20-E9C8-41CE-81B3-48B094F78ED6}.Release|x86.Build.0 = Release|Win32
	EndGlobalSection
	GlobalSection(SolutionProperties) = preSolution
		HideSolutionNode = FALSE
	EndGlobalSection
	GlobalSection(ExtensibilityGlobals) = postSolution
		SolutionGuid = {E63B1F73-1A49-4045-A004-6821FDFBE17B}
	EndGlobalSection
EndGlobal
